
Microsoft Visual Studio Solution File, Format Version 12.00
# Visual Studio 15
VisualStudioVersion = 15.0.28307.168
MinimumVisualStudioVersion = 10.0.40219.1
Project("{9A19103F-16F7-4668-BE54-9A1E7A4F7556}") = "PX.Survey.Ext", "PX.Survey.Ext.csproj", "{06D50FD1-DC52-49F9-A5A8-138A3F85A437}"
EndProject
Project("{E24C65DC-7377-472B-9ABA-BC803B73C61A}") = "SUV20_104_0012", "http://localhost/SUV20_104_0012", "{6E936992-858B-487C-8B3F-88FA964F5CBD}"
	ProjectSection(WebsiteProperties) = preProject
		UseIISExpress = "false"
		TargetFrameworkMoniker = ".NETFramework,Version%3Dv4.8"
		Debug.AspNetCompiler.VirtualPath = "/SUV20_104_0012"
		Debug.AspNetCompiler.PhysicalPath = "..\..\..\..\Acumatica2020R1\SUV20_104_0012\"
		Debug.AspNetCompiler.TargetPath = "PrecompiledWeb\SUV20_104_0012\"
		Debug.AspNetCompiler.Updateable = "true"
		Debug.AspNetCompiler.ForceOverwrite = "true"
		Debug.AspNetCompiler.FixedNames = "false"
		Debug.AspNetCompiler.Debug = "True"
		Release.AspNetCompiler.VirtualPath = "/SUV20_104_0012"
		Release.AspNetCompiler.PhysicalPath = "..\..\..\..\Acumatica2020R1\SUV20_104_0012\"
		Release.AspNetCompiler.TargetPath = "PrecompiledWeb\SUV20_104_0012\"
		Release.AspNetCompiler.Updateable = "true"
		Release.AspNetCompiler.ForceOverwrite = "true"
		Release.AspNetCompiler.FixedNames = "false"
		Release.AspNetCompiler.Debug = "False"
		SlnRelativePath = "..\..\..\..\Acumatica2020R1\SUV20_104_0012\"
	EndProjectSection
EndProject
Global
	GlobalSection(SolutionConfigurationPlatforms) = preSolution
		Debug|Any CPU = Debug|Any CPU
		Release|Any CPU = Release|Any CPU
	EndGlobalSection
	GlobalSection(ProjectConfigurationPlatforms) = postSolution
		{06D50FD1-DC52-49F9-A5A8-138A3F85A437}.Debug|Any CPU.ActiveCfg = Debug|Any CPU
		{06D50FD1-DC52-49F9-A5A8-138A3F85A437}.Debug|Any CPU.Build.0 = Debug|Any CPU
		{06D50FD1-DC52-49F9-A5A8-138A3F85A437}.Release|Any CPU.ActiveCfg = Release|Any CPU
		{06D50FD1-DC52-49F9-A5A8-138A3F85A437}.Release|Any CPU.Build.0 = Release|Any CPU
		{6E936992-858B-487C-8B3F-88FA964F5CBD}.Debug|Any CPU.ActiveCfg = Debug|Any CPU
		{6E936992-858B-487C-8B3F-88FA964F5CBD}.Debug|Any CPU.Build.0 = Debug|Any CPU
		{6E936992-858B-487C-8B3F-88FA964F5CBD}.Release|Any CPU.ActiveCfg = Debug|Any CPU
		{6E936992-858B-487C-8B3F-88FA964F5CBD}.Release|Any CPU.Build.0 = Debug|Any CPU
	EndGlobalSection
	GlobalSection(SolutionProperties) = preSolution
		HideSolutionNode = FALSE
	EndGlobalSection
	GlobalSection(ExtensibilityGlobals) = postSolution
		SolutionGuid = {C40C69A8-AA14-4B59-810A-37C8D50F2D07}
	EndGlobalSection
EndGlobal
